// !$*UTF8*$!
{
	archiveVersion = 1;
	classes = {
	};
	objectVersion = 52;
	objects = {

/* Begin PBXBuildFile section */
		B297934626EF515A00B1FE82 /* AppDelegate.swift in Sources */ = {isa = PBXBuildFile; fileRef = B297934526EF515A00B1FE82 /* AppDelegate.swift */; };
		B297934826EF515A00B1FE82 /* SceneDelegate.swift in Sources */ = {isa = PBXBuildFile; fileRef = B297934726EF515A00B1FE82 /* SceneDelegate.swift */; };
		B297934A26EF515A00B1FE82 /* WeatherViewController.swift in Sources */ = {isa = PBXBuildFile; fileRef = B297934926EF515A00B1FE82 /* WeatherViewController.swift */; };
		B297934F26EF515D00B1FE82 /* Assets.xcassets in Resources */ = {isa = PBXBuildFile; fileRef = B297934E26EF515D00B1FE82 /* Assets.xcassets */; };
		B297935226EF515D00B1FE82 /* LaunchScreen.storyboard in Resources */ = {isa = PBXBuildFile; fileRef = B297935026EF515D00B1FE82 /* LaunchScreen.storyboard */; };
		B297935B26EF550F00B1FE82 /* YumemiWeather in Frameworks */ = {isa = PBXBuildFile; productRef = B297935A26EF550F00B1FE82 /* YumemiWeather */; };
		B2AB54CA270D9ABF001E31E5 /* Model.swift in Sources */ = {isa = PBXBuildFile; fileRef = B2AB54C9270D9ABF001E31E5 /* Model.swift */; };
		B2AB54D42719A440001E31E5 /* RooteViewController.swift in Sources */ = {isa = PBXBuildFile; fileRef = B2AB54D32719A440001E31E5 /* RooteViewController.swift */; };
		B2EDF0E0271EDF6800B157A4 /* Utility.swift in Sources */ = {isa = PBXBuildFile; fileRef = B2EDF0DF271EDF6800B157A4 /* Utility.swift */; };
/* End PBXBuildFile section */

/* Begin PBXFileReference section */
		B297934226EF515A00B1FE82 /* practice_with_YumemiWeather.app */ = {isa = PBXFileReference; explicitFileType = wrapper.application; includeInIndex = 0; path = practice_with_YumemiWeather.app; sourceTree = BUILT_PRODUCTS_DIR; };
		B297934526EF515A00B1FE82 /* AppDelegate.swift */ = {isa = PBXFileReference; lastKnownFileType = sourcecode.swift; path = AppDelegate.swift; sourceTree = "<group>"; };
		B297934726EF515A00B1FE82 /* SceneDelegate.swift */ = {isa = PBXFileReference; lastKnownFileType = sourcecode.swift; path = SceneDelegate.swift; sourceTree = "<group>"; };
		B297934926EF515A00B1FE82 /* WeatherViewController.swift */ = {isa = PBXFileReference; lastKnownFileType = sourcecode.swift; path = WeatherViewController.swift; sourceTree = "<group>"; };
		B297934E26EF515D00B1FE82 /* Assets.xcassets */ = {isa = PBXFileReference; lastKnownFileType = folder.assetcatalog; path = Assets.xcassets; sourceTree = "<group>"; };
		B297935126EF515D00B1FE82 /* Base */ = {isa = PBXFileReference; lastKnownFileType = file.storyboard; name = Base; path = Base.lproj/LaunchScreen.storyboard; sourceTree = "<group>"; };
		B297935326EF515D00B1FE82 /* Info.plist */ = {isa = PBXFileReference; lastKnownFileType = text.plist.xml; path = Info.plist; sourceTree = "<group>"; };
		B2AB54C9270D9ABF001E31E5 /* Model.swift */ = {isa = PBXFileReference; lastKnownFileType = sourcecode.swift; path = Model.swift; sourceTree = "<group>"; };
		B2AB54D32719A440001E31E5 /* RooteViewController.swift */ = {isa = PBXFileReference; lastKnownFileType = sourcecode.swift; path = RooteViewController.swift; sourceTree = "<group>"; };
		B2EDF0DF271EDF6800B157A4 /* Utility.swift */ = {isa = PBXFileReference; lastKnownFileType = sourcecode.swift; path = Utility.swift; sourceTree = "<group>"; };
/* End PBXFileReference section */

/* Begin PBXFrameworksBuildPhase section */
		B297933F26EF515A00B1FE82 /* Frameworks */ = {
			isa = PBXFrameworksBuildPhase;
			buildActionMask = 2147483647;
			files = (
				B297935B26EF550F00B1FE82 /* YumemiWeather in Frameworks */,
			);
			runOnlyForDeploymentPostprocessing = 0;
		};
/* End PBXFrameworksBuildPhase section */

/* Begin PBXGroup section */
		B297933926EF515A00B1FE82 = {
			isa = PBXGroup;
			children = (
				B297934426EF515A00B1FE82 /* practice_with_YumemiWeather */,
				B297934326EF515A00B1FE82 /* Products */,
			);
			sourceTree = "<group>";
		};
		B297934326EF515A00B1FE82 /* Products */ = {
			isa = PBXGroup;
			children = (
				B297934226EF515A00B1FE82 /* practice_with_YumemiWeather.app */,
			);
			name = Products;
			sourceTree = "<group>";
		};
		B297934426EF515A00B1FE82 /* practice_with_YumemiWeather */ = {
			isa = PBXGroup;
			children = (
				B297934526EF515A00B1FE82 /* AppDelegate.swift */,
				B297934726EF515A00B1FE82 /* SceneDelegate.swift */,
				B297934926EF515A00B1FE82 /* WeatherViewController.swift */,
				B2AB54D32719A440001E31E5 /* RooteViewController.swift */,
				B2EDF0DF271EDF6800B157A4 /* Utility.swift */,
				B2AB54C9270D9ABF001E31E5 /* Model.swift */,
				B297934E26EF515D00B1FE82 /* Assets.xcassets */,
				B297935026EF515D00B1FE82 /* LaunchScreen.storyboard */,
				B297935326EF515D00B1FE82 /* Info.plist */,
			);
			path = practice_with_YumemiWeather;
			sourceTree = "<group>";
		};
/* End PBXGroup section */

/* Begin PBXNativeTarget section */
		B297934126EF515A00B1FE82 /* practice_with_YumemiWeather */ = {
			isa = PBXNativeTarget;
			buildConfigurationList = B297935626EF515D00B1FE82 /* Build configuration list for PBXNativeTarget "practice_with_YumemiWeather" */;
			buildPhases = (
				B297933E26EF515A00B1FE82 /* Sources */,
				B297933F26EF515A00B1FE82 /* Frameworks */,
				B297934026EF515A00B1FE82 /* Resources */,
			);
			buildRules = (
			);
			dependencies = (
			);
			name = practice_with_YumemiWeather;
			packageProductDependencies = (
				B297935A26EF550F00B1FE82 /* YumemiWeather */,
			);
			productName = practice_with_YumemiWeather;
			productReference = B297934226EF515A00B1FE82 /* practice_with_YumemiWeather.app */;
			productType = "com.apple.product-type.application";
		};
/* End PBXNativeTarget section */

/* Begin PBXProject section */
		B297933A26EF515A00B1FE82 /* Project object */ = {
			isa = PBXProject;
			attributes = {
				LastSwiftUpdateCheck = 1250;
				LastUpgradeCheck = 1250;
				TargetAttributes = {
					B297934126EF515A00B1FE82 = {
						CreatedOnToolsVersion = 12.5;
					};
				};
			};
			buildConfigurationList = B297933D26EF515A00B1FE82 /* Build configuration list for PBXProject "practice_with_YumemiWeather" */;
			compatibilityVersion = "Xcode 9.3";
			developmentRegion = en;
			hasScannedForEncodings = 0;
			knownRegions = (
				en,
				Base,
			);
			mainGroup = B297933926EF515A00B1FE82;
			packageReferences = (
				B297935926EF550F00B1FE82 /* XCRemoteSwiftPackageReference "ios-training" */,
			);
			productRefGroup = B297934326EF515A00B1FE82 /* Products */;
			projectDirPath = "";
			projectRoot = "";
			targets = (
				B297934126EF515A00B1FE82 /* practice_with_YumemiWeather */,
			);
		};
/* End PBXProject section */

/* Begin PBXResourcesBuildPhase section */
		B297934026EF515A00B1FE82 /* Resources */ = {
			isa = PBXResourcesBuildPhase;
			buildActionMask = 2147483647;
			files = (
				B297935226EF515D00B1FE82 /* LaunchScreen.storyboard in Resources */,
				B297934F26EF515D00B1FE82 /* Assets.xcassets in Resources */,
			);
			runOnlyForDeploymentPostprocessing = 0;
		};
/* End PBXResourcesBuildPhase section */

/* Begin PBXSourcesBuildPhase section */
		B297933E26EF515A00B1FE82 /* Sources */ = {
			isa = PBXSourcesBuildPhase;
			buildActionMask = 2147483647;
			files = (
				B297934A26EF515A00B1FE82 /* WeatherViewController.swift in Sources */,
				B297934626EF515A00B1FE82 /* AppDelegate.swift in Sources */,
				B2EDF0E0271EDF6800B157A4 /* Utility.swift in Sources */,
				B297934826EF515A00B1FE82 /* SceneDelegate.swift in Sources */,
				B2AB54CA270D9ABF001E31E5 /* Model.swift in Sources */,
				B2AB54D42719A440001E31E5 /* RooteViewController.swift in Sources */,
			);
			runOnlyForDeploymentPostprocessing = 0;
		};
/* End PBXSourcesBuildPhase section */

/* Begin PBXVariantGroup section */
		B297935026EF515D00B1FE82 /* LaunchScreen.storyboard */ = {
			isa = PBXVariantGroup;
			children = (
				B297935126EF515D00B1FE82 /* Base */,
			);
			name = LaunchScreen.storyboard;
			sourceTree = "<group>";
		};
/* End PBXVariantGroup section */

/* Begin XCBuildConfiguration section */
		B297935426EF515D00B1FE82 /* Debug */ = {
			isa = XCBuildConfiguration;
			buildSettings = {
				ALWAYS_SEARCH_USER_PATHS = NO;
				CLANG_ANALYZER_NONNULL = YES;
				CLANG_ANALYZER_NUMBER_OBJECT_CONVERSION = YES_AGGRESSIVE;
				CLANG_CXX_LANGUAGE_STANDARD = "gnu++14";
				CLANG_CXX_LIBRARY = "libc++";
				CLANG_ENABLE_MODULES = YES;
				CLANG_ENABLE_OBJC_ARC = YES;
				CLANG_ENABLE_OBJC_WEAK = YES;
				CLANG_WARN_BLOCK_CAPTURE_AUTORELEASING = YES;
				CLANG_WARN_BOOL_CONVERSION = YES;
				CLANG_WARN_COMMA = YES;
				CLANG_WARN_CONSTANT_CONVERSION = YES;
				CLANG_WARN_DEPRECATED_OBJC_IMPLEMENTATIONS = YES;
				CLANG_WARN_DIRECT_OBJC_ISA_USAGE = YES_ERROR;
				CLANG_WARN_DOCUMENTATION_COMMENTS = YES;
				CLANG_WARN_EMPTY_BODY = YES;
				CLANG_WARN_ENUM_CONVERSION = YES;
				CLANG_WARN_INFINITE_RECURSION = YES;
				CLANG_WARN_INT_CONVERSION = YES;
				CLANG_WARN_NON_LITERAL_NULL_CONVERSION = YES;
				CLANG_WARN_OBJC_IMPLICIT_RETAIN_SELF = YES;
				CLANG_WARN_OBJC_LITERAL_CONVERSION = YES;
				CLANG_WARN_OBJC_ROOT_CLASS = YES_ERROR;
				CLANG_WARN_QUOTED_INCLUDE_IN_FRAMEWORK_HEADER = YES;
				CLANG_WARN_RANGE_LOOP_ANALYSIS = YES;
				CLANG_WARN_STRICT_PROTOTYPES = YES;
				CLANG_WARN_SUSPICIOUS_MOVE = YES;
				CLANG_WARN_UNGUARDED_AVAILABILITY = YES_AGGRESSIVE;
				CLANG_WARN_UNREACHABLE_CODE = YES;
				CLANG_WARN__DUPLICATE_METHOD_MATCH = YES;
				COPY_PHASE_STRIP = NO;
				DEBUG_INFORMATION_FORMAT = dwarf;
				ENABLE_STRICT_OBJC_MSGSEND = YES;
				ENABLE_TESTABILITY = YES;
				GCC_C_LANGUAGE_STANDARD = gnu11;
				GCC_DYNAMIC_NO_PIC = NO;
				GCC_NO_COMMON_BLOCKS = YES;
				GCC_OPTIMIZATION_LEVEL = 0;
				GCC_PREPROCESSOR_DEFINITIONS = (
					"DEBUG=1",
					"$(inherited)",
				);
				GCC_WARN_64_TO_32_BIT_CONVERSION = YES;
				GCC_WARN_ABOUT_RETURN_TYPE = YES_ERROR;
				GCC_WARN_UNDECLARED_SELECTOR = YES;
				GCC_WARN_UNINITIALIZED_AUTOS = YES_AGGRESSIVE;
				GCC_WARN_UNUSED_FUNCTION = YES;
				GCC_WARN_UNUSED_VARIABLE = YES;
				IPHONEOS_DEPLOYMENT_TARGET = 14.5;
				MTL_ENABLE_DEBUG_INFO = INCLUDE_SOURCE;
				MTL_FAST_MATH = YES;
				ONLY_ACTIVE_ARCH = YES;
				SDKROOT = iphoneos;
				SWIFT_ACTIVE_COMPILATION_CONDITIONS = DEBUG;
				SWIFT_OPTIMIZATION_LEVEL = "-Onone";
			};
			name = Debug;
		};
		B297935526EF515D00B1FE82 /* Release */ = {
			isa = XCBuildConfiguration;
			buildSettings = {
				ALWAYS_SEARCH_USER_PATHS = NO;
				CLANG_ANALYZER_NONNULL = YES;
				CLANG_ANALYZER_NUMBER_OBJECT_CONVERSION = YES_AGGRESSIVE;
				CLANG_CXX_LANGUAGE_STANDARD = "gnu++14";
				CLANG_CXX_LIBRARY = "libc++";
				CLANG_ENABLE_MODULES = YES;
				CLANG_ENABLE_OBJC_ARC = YES;
				CLANG_ENABLE_OBJC_WEAK = YES;
				CLANG_WARN_BLOCK_CAPTURE_AUTORELEASING = YES;
				CLANG_WARN_BOOL_CONVERSION = YES;
				CLANG_WARN_COMMA = YES;
				CLANG_WARN_CONSTANT_CONVERSION = YES;
				CLANG_WARN_DEPRECATED_OBJC_IMPLEMENTATIONS = YES;
				CLANG_WARN_DIRECT_OBJC_ISA_USAGE = YES_ERROR;
				CLANG_WARN_DOCUMENTATION_COMMENTS = YES;
				CLANG_WARN_EMPTY_BODY = YES;
				CLANG_WARN_ENUM_CONVERSION = YES;
				CLANG_WARN_INFINITE_RECURSION = YES;
				CLANG_WARN_INT_CONVERSION = YES;
				CLANG_WARN_NON_LITERAL_NULL_CONVERSION = YES;
				CLANG_WARN_OBJC_IMPLICIT_RETAIN_SELF = YES;
				CLANG_WARN_OBJC_LITERAL_CONVERSION = YES;
				CLANG_WARN_OBJC_ROOT_CLASS = YES_ERROR;
				CLANG_WARN_QUOTED_INCLUDE_IN_FRAMEWORK_HEADER = YES;
				CLANG_WARN_RANGE_LOOP_ANALYSIS = YES;
				CLANG_WARN_STRICT_PROTOTYPES = YES;
				CLANG_WARN_SUSPICIOUS_MOVE = YES;
				CLANG_WARN_UNGUARDED_AVAILABILITY = YES_AGGRESSIVE;
				CLANG_WARN_UNREACHABLE_CODE = YES;
				CLANG_WARN__DUPLICATE_METHOD_MATCH = YES;
				COPY_PHASE_STRIP = NO;
				DEBUG_INFORMATION_FORMAT = "dwarf-with-dsym";
				ENABLE_NS_ASSERTIONS = NO;
				ENABLE_STRICT_OBJC_MSGSEND = YES;
				GCC_C_LANGUAGE_STANDARD = gnu11;
				GCC_NO_COMMON_BLOCKS = YES;
				GCC_WARN_64_TO_32_BIT_CONVERSION = YES;
				GCC_WARN_ABOUT_RETURN_TYPE = YES_ERROR;
				GCC_WARN_UNDECLARED_SELECTOR = YES;
				GCC_WARN_UNINITIALIZED_AUTOS = YES_AGGRESSIVE;
				GCC_WARN_UNUSED_FUNCTION = YES;
				GCC_WARN_UNUSED_VARIABLE = YES;
				IPHONEOS_DEPLOYMENT_TARGET = 14.5;
				MTL_ENABLE_DEBUG_INFO = NO;
				MTL_FAST_MATH = YES;
				SDKROOT = iphoneos;
				SWIFT_COMPILATION_MODE = wholemodule;
				SWIFT_OPTIMIZATION_LEVEL = "-O";
				VALIDATE_PRODUCT = YES;
			};
			name = Release;
		};
		B297935726EF515D00B1FE82 /* Debug */ = {
			isa = XCBuildConfiguration;
			buildSettings = {
				ASSETCATALOG_COMPILER_APPICON_NAME = AppIcon;
				ASSETCATALOG_COMPILER_GLOBAL_ACCENT_COLOR_NAME = AccentColor;
				CODE_SIGN_STYLE = Automatic;
				DEVELOPMENT_TEAM = PBQ3LBLK2G;
				INFOPLIST_FILE = practice_with_YumemiWeather/Info.plist;
				LD_RUNPATH_SEARCH_PATHS = (
					"$(inherited)",
					"@executable_path/Frameworks",
				);
				PRODUCT_BUNDLE_IDENTIFIER = "Kai.practice-with-YumemiWeather";
				PRODUCT_NAME = "$(TARGET_NAME)";
				SWIFT_VERSION = 5.0;
				TARGETED_DEVICE_FAMILY = "1,2";
			};
			name = Debug;
		};
		B297935826EF515D00B1FE82 /* Release */ = {
			isa = XCBuildConfiguration;
			buildSettings = {
				ASSETCATALOG_COMPILER_APPICON_NAME = AppIcon;
				ASSETCATALOG_COMPILER_GLOBAL_ACCENT_COLOR_NAME = AccentColor;
				CODE_SIGN_STYLE = Automatic;
				DEVELOPMENT_TEAM = PBQ3LBLK2G;
				INFOPLIST_FILE = practice_with_YumemiWeather/Info.plist;
				LD_RUNPATH_SEARCH_PATHS = (
					"$(inherited)",
					"@executable_path/Frameworks",
				);
				PRODUCT_BUNDLE_IDENTIFIER = "Kai.practice-with-YumemiWeather";
				PRODUCT_NAME = "$(TARGET_NAME)";
				SWIFT_VERSION = 5.0;
				TARGETED_DEVICE_FAMILY = "1,2";
			};
			name = Release;
		};
/* End XCBuildConfiguration section */

/* Begin XCConfigurationList section */
		B297933D26EF515A00B1FE82 /* Build configuration list for PBXProject "practice_with_YumemiWeather" */ = {
			isa = XCConfigurationList;
			buildConfigurations = (
				B297935426EF515D00B1FE82 /* Debug */,
				B297935526EF515D00B1FE82 /* Release */,
			);
			defaultConfigurationIsVisible = 0;
			defaultConfigurationName = Release;
		};
		B297935626EF515D00B1FE82 /* Build configuration list for PBXNativeTarget "practice_with_YumemiWeather" */ = {
			isa = XCConfigurationList;
			buildConfigurations = (
				B297935726EF515D00B1FE82 /* Debug */,
				B297935826EF515D00B1FE82 /* Release */,
			);
			defaultConfigurationIsVisible = 0;
			defaultConfigurationName = Release;
		};
/* End XCConfigurationList section */

/* Begin XCRemoteSwiftPackageReference section */
		B297935926EF550F00B1FE82 /* XCRemoteSwiftPackageReference "ios-training" */ = {
			isa = XCRemoteSwiftPackageReference;
			repositoryURL = "https://github.com/yumemi-inc/ios-training.git";
			requirement = {
				kind = upToNextMajorVersion;
				minimumVersion = 1.0.4;
			};
		};
/* End XCRemoteSwiftPackageReference section */

/* Begin XCSwiftPackageProductDependency section */
		B297935A26EF550F00B1FE82 /* YumemiWeather */ = {
			isa = XCSwiftPackageProductDependency;
			package = B297935926EF550F00B1FE82 /* XCRemoteSwiftPackageReference "ios-training" */;
			productName = YumemiWeather;
		};
/* End XCSwiftPackageProductDependency section */
	};
	rootObject = B297933A26EF515A00B1FE82 /* Project object */;
}
